// !$*UTF8*$!
{
	archiveVersion = 1;
	classes = {
	};
	objectVersion = 46;
	objects = {

/* Begin PBXBuildFile section */
		39ED62151A215B390034954A /* main.m in Sources */ = {isa = PBXBuildFile; fileRef = 39ED62141A215B390034954A /* main.m */; };
		39ED62181A215B390034954A /* AppDelegate.m in Sources */ = {isa = PBXBuildFile; fileRef = 39ED62171A215B390034954A /* AppDelegate.m */; };
		39ED621B1A215B390034954A /* ViewController.m in Sources */ = {isa = PBXBuildFile; fileRef = 39ED621A1A215B390034954A /* ViewController.m */; };
		39ED621E1A215B390034954A /* Main.storyboard in Resources */ = {isa = PBXBuildFile; fileRef = 39ED621C1A215B390034954A /* Main.storyboard */; };
		39ED62201A215B390034954A /* Images.xcassets in Resources */ = {isa = PBXBuildFile; fileRef = 39ED621F1A215B390034954A /* Images.xcassets */; };
		39ED62231A215B390034954A /* LaunchScreen.xib in Resources */ = {isa = PBXBuildFile; fileRef = 39ED62211A215B390034954A /* LaunchScreen.xib */; };
		39ED622F1A215B390034954A /* demo404Tests.m in Sources */ = {isa = PBXBuildFile; fileRef = 39ED622E1A215B390034954A /* demo404Tests.m */; };
		39ED63151A2633CC0034954A /* close.png in Resources */ = {isa = PBXBuildFile; fileRef = 39ED63021A2633CC0034954A /* close.png */; };
		39ED63161A2633CC0034954A /* close@2x.png in Resources */ = {isa = PBXBuildFile; fileRef = 39ED63031A2633CC0034954A /* close@2x.png */; };
		39ED63171A2633CC0034954A /* landscape.png in Resources */ = {isa = PBXBuildFile; fileRef = 39ED63041A2633CC0034954A /* landscape.png */; };
		39ED63181A2633CC0034954A /* landscape@2x.png in Resources */ = {isa = PBXBuildFile; fileRef = 39ED63051A2633CC0034954A /* landscape@2x.png */; };
		39ED63191A2633CC0034954A /* placeholder.png in Resources */ = {isa = PBXBuildFile; fileRef = 39ED63061A2633CC0034954A /* placeholder.png */; };
		39ED631A1A2633CC0034954A /* portrait.png in Resources */ = {isa = PBXBuildFile; fileRef = 39ED63071A2633CC0034954A /* portrait.png */; };
		39ED631B1A2633CC0034954A /* portrait@2x.png in Resources */ = {isa = PBXBuildFile; fileRef = 39ED63081A2633CC0034954A /* portrait@2x.png */; };
		39ED631C1A2633CC0034954A /* share_gray.png in Resources */ = {isa = PBXBuildFile; fileRef = 39ED63091A2633CC0034954A /* share_gray.png */; };
		39ED631D1A2633CC0034954A /* share_gray@2x.png in Resources */ = {isa = PBXBuildFile; fileRef = 39ED630A1A2633CC0034954A /* share_gray@2x.png */; };
		39ED631E1A2633CC0034954A /* share_white.png in Resources */ = {isa = PBXBuildFile; fileRef = 39ED630B1A2633CC0034954A /* share_white.png */; };
		39ED631F1A2633CC0034954A /* share_white@2x.png in Resources */ = {isa = PBXBuildFile; fileRef = 39ED630C1A2633CC0034954A /* share_white@2x.png */; };
		39ED63201A2633CC0034954A /* support.png in Resources */ = {isa = PBXBuildFile; fileRef = 39ED630D1A2633CC0034954A /* support.png */; };
		39ED63211A2633CC0034954A /* support@2x.png in Resources */ = {isa = PBXBuildFile; fileRef = 39ED630E1A2633CC0034954A /* support@2x.png */; };
		39ED63261A2634510034954A /* Baby404Page.m in Sources */ = {isa = PBXBuildFile; fileRef = 39ED63251A2634510034954A /* Baby404Page.m */; };
		39ED632D1A27402F0034954A /* Baby404ViewController.m in Sources */ = {isa = PBXBuildFile; fileRef = 39ED632B1A27402F0034954A /* Baby404ViewController.m */; };
		39ED632E1A27402F0034954A /* Baby404ViewController.xib in Resources */ = {isa = PBXBuildFile; fileRef = 39ED632C1A27402F0034954A /* Baby404ViewController.xib */; };
		39ED63301A27A10F0034954A /* CoreLocation.framework in Frameworks */ = {isa = PBXBuildFile; fileRef = 39ED632F1A27A10F0034954A /* CoreLocation.framework */; };
		B28EB81F1A2C546100A7BB18 /* bg.png in Resources */ = {isa = PBXBuildFile; fileRef = B28EB81E1A2C546100A7BB18 /* bg.png */; };
/* End PBXBuildFile section */

/* Begin PBXContainerItemProxy section */
		39ED62291A215B390034954A /* PBXContainerItemProxy */ = {
			isa = PBXContainerItemProxy;
			containerPortal = 39ED62071A215B380034954A /* Project object */;
			proxyType = 1;
			remoteGlobalIDString = 39ED620E1A215B390034954A;
			remoteInfo = demo404;
		};
/* End PBXContainerItemProxy section */

/* Begin PBXFileReference section */
		39ED620F1A215B390034954A /* demo404.app */ = {isa = PBXFileReference; explicitFileType = wrapper.application; includeInIndex = 0; path = demo404.app; sourceTree = BUILT_PRODUCTS_DIR; };
		39ED62131A215B390034954A /* Info.plist */ = {isa = PBXFileReference; lastKnownFileType = text.plist.xml; path = Info.plist; sourceTree = "<group>"; };
		39ED62141A215B390034954A /* main.m */ = {isa = PBXFileReference; lastKnownFileType = sourcecode.c.objc; path = main.m; sourceTree = "<group>"; };
		39ED62161A215B390034954A /* AppDelegate.h */ = {isa = PBXFileReference; lastKnownFileType = sourcecode.c.h; path = AppDelegate.h; sourceTree = "<group>"; };
		39ED62171A215B390034954A /* AppDelegate.m */ = {isa = PBXFileReference; lastKnownFileType = sourcecode.c.objc; path = AppDelegate.m; sourceTree = "<group>"; };
		39ED62191A215B390034954A /* ViewController.h */ = {isa = PBXFileReference; lastKnownFileType = sourcecode.c.h; path = ViewController.h; sourceTree = "<group>"; };
		39ED621A1A215B390034954A /* ViewController.m */ = {isa = PBXFileReference; lastKnownFileType = sourcecode.c.objc; path = ViewController.m; sourceTree = "<group>"; };
		39ED621D1A215B390034954A /* Base */ = {isa = PBXFileReference; lastKnownFileType = file.storyboard; name = Base; path = Base.lproj/Main.storyboard; sourceTree = "<group>"; };
		39ED621F1A215B390034954A /* Images.xcassets */ = {isa = PBXFileReference; lastKnownFileType = folder.assetcatalog; path = Images.xcassets; sourceTree = "<group>"; };
		39ED62221A215B390034954A /* Base */ = {isa = PBXFileReference; lastKnownFileType = file.xib; name = Base; path = Base.lproj/LaunchScreen.xib; sourceTree = "<group>"; };
		39ED62281A215B390034954A /* demo404Tests.xctest */ = {isa = PBXFileReference; explicitFileType = wrapper.cfbundle; includeInIndex = 0; path = demo404Tests.xctest; sourceTree = BUILT_PRODUCTS_DIR; };
		39ED622D1A215B390034954A /* Info.plist */ = {isa = PBXFileReference; lastKnownFileType = text.plist.xml; path = Info.plist; sourceTree = "<group>"; };
		39ED622E1A215B390034954A /* demo404Tests.m */ = {isa = PBXFileReference; lastKnownFileType = sourcecode.c.objc; path = demo404Tests.m; sourceTree = "<group>"; };
		39ED63021A2633CC0034954A /* close.png */ = {isa = PBXFileReference; lastKnownFileType = image.png; path = close.png; sourceTree = "<group>"; };
		39ED63031A2633CC0034954A /* close@2x.png */ = {isa = PBXFileReference; lastKnownFileType = image.png; path = "close@2x.png"; sourceTree = "<group>"; };
		39ED63041A2633CC0034954A /* landscape.png */ = {isa = PBXFileReference; lastKnownFileType = image.png; path = landscape.png; sourceTree = "<group>"; };
		39ED63051A2633CC0034954A /* landscape@2x.png */ = {isa = PBXFileReference; lastKnownFileType = image.png; path = "landscape@2x.png"; sourceTree = "<group>"; };
		39ED63061A2633CC0034954A /* placeholder.png */ = {isa = PBXFileReference; lastKnownFileType = image.png; path = placeholder.png; sourceTree = "<group>"; };
		39ED63071A2633CC0034954A /* portrait.png */ = {isa = PBXFileReference; lastKnownFileType = image.png; path = portrait.png; sourceTree = "<group>"; };
		39ED63081A2633CC0034954A /* portrait@2x.png */ = {isa = PBXFileReference; lastKnownFileType = image.png; path = "portrait@2x.png"; sourceTree = "<group>"; };
		39ED63091A2633CC0034954A /* share_gray.png */ = {isa = PBXFileReference; lastKnownFileType = image.png; path = share_gray.png; sourceTree = "<group>"; };
		39ED630A1A2633CC0034954A /* share_gray@2x.png */ = {isa = PBXFileReference; lastKnownFileType = image.png; path = "share_gray@2x.png"; sourceTree = "<group>"; };
		39ED630B1A2633CC0034954A /* share_white.png */ = {isa = PBXFileReference; lastKnownFileType = image.png; path = share_white.png; sourceTree = "<group>"; };
		39ED630C1A2633CC0034954A /* share_white@2x.png */ = {isa = PBXFileReference; lastKnownFileType = image.png; path = "share_white@2x.png"; sourceTree = "<group>"; };
		39ED630D1A2633CC0034954A /* support.png */ = {isa = PBXFileReference; lastKnownFileType = image.png; path = support.png; sourceTree = "<group>"; };
		39ED630E1A2633CC0034954A /* support@2x.png */ = {isa = PBXFileReference; lastKnownFileType = image.png; path = "support@2x.png"; sourceTree = "<group>"; };
		39ED63241A2634510034954A /* Baby404Page.h */ = {isa = PBXFileReference; fileEncoding = 4; lastKnownFileType = sourcecode.c.h; path = Baby404Page.h; sourceTree = "<group>"; };
		39ED63251A2634510034954A /* Baby404Page.m */ = {isa = PBXFileReference; fileEncoding = 4; lastKnownFileType = sourcecode.c.objc; path = Baby404Page.m; sourceTree = "<group>"; };
		39ED632A1A27402F0034954A /* Baby404ViewController.h */ = {isa = PBXFileReference; fileEncoding = 4; lastKnownFileType = sourcecode.c.h; path = Baby404ViewController.h; sourceTree = "<group>"; };
		39ED632B1A27402F0034954A /* Baby404ViewController.m */ = {isa = PBXFileReference; fileEncoding = 4; lastKnownFileType = sourcecode.c.objc; path = Baby404ViewController.m; sourceTree = "<group>"; };
		39ED632C1A27402F0034954A /* Baby404ViewController.xib */ = {isa = PBXFileReference; fileEncoding = 4; lastKnownFileType = file.xib; path = Baby404ViewController.xib; sourceTree = "<group>"; };
		39ED632F1A27A10F0034954A /* CoreLocation.framework */ = {isa = PBXFileReference; lastKnownFileType = wrapper.framework; name = CoreLocation.framework; path = System/Library/Frameworks/CoreLocation.framework; sourceTree = SDKROOT; };
		B28EB81E1A2C546100A7BB18 /* bg.png */ = {isa = PBXFileReference; lastKnownFileType = image.png; path = bg.png; sourceTree = "<group>"; };
/* End PBXFileReference section */

/* Begin PBXFrameworksBuildPhase section */
		39ED620C1A215B390034954A /* Frameworks */ = {
			isa = PBXFrameworksBuildPhase;
			buildActionMask = 2147483647;
			files = (
				39ED63301A27A10F0034954A /* CoreLocation.framework in Frameworks */,
			);
			runOnlyForDeploymentPostprocessing = 0;
		};
		39ED62251A215B390034954A /* Frameworks */ = {
			isa = PBXFrameworksBuildPhase;
			buildActionMask = 2147483647;
			files = (
			);
			runOnlyForDeploymentPostprocessing = 0;
		};
/* End PBXFrameworksBuildPhase section */

/* Begin PBXGroup section */
		39ED62061A215B380034954A = {
			isa = PBXGroup;
			children = (
				39ED632F1A27A10F0034954A /* CoreLocation.framework */,
				39ED62111A215B390034954A /* demo404 */,
				39ED622B1A215B390034954A /* demo404Tests */,
				39ED62101A215B390034954A /* Products */,
			);
			sourceTree = "<group>";
		};
		39ED62101A215B390034954A /* Products */ = {
			isa = PBXGroup;
			children = (
				39ED620F1A215B390034954A /* demo404.app */,
				39ED62281A215B390034954A /* demo404Tests.xctest */,
			);
			name = Products;
			sourceTree = "<group>";
		};
		39ED62111A215B390034954A /* demo404 */ = {
			isa = PBXGroup;
			children = (
				39ED62F81A2633CC0034954A /* baby404page */,
				39ED62161A215B390034954A /* AppDelegate.h */,
				39ED62171A215B390034954A /* AppDelegate.m */,
				39ED62191A215B390034954A /* ViewController.h */,
				39ED621A1A215B390034954A /* ViewController.m */,
				39ED621C1A215B390034954A /* Main.storyboard */,
				39ED621F1A215B390034954A /* Images.xcassets */,
				39ED62211A215B390034954A /* LaunchScreen.xib */,
				39ED62121A215B390034954A /* Supporting Files */,
			);
			path = demo404;
			sourceTree = "<group>";
		};
		39ED62121A215B390034954A /* Supporting Files */ = {
			isa = PBXGroup;
			children = (
				39ED62131A215B390034954A /* Info.plist */,
				39ED62141A215B390034954A /* main.m */,
			);
			name = "Supporting Files";
			sourceTree = "<group>";
		};
		39ED622B1A215B390034954A /* demo404Tests */ = {
			isa = PBXGroup;
			children = (
				39ED622E1A215B390034954A /* demo404Tests.m */,
				39ED622C1A215B390034954A /* Supporting Files */,
			);
			path = demo404Tests;
			sourceTree = "<group>";
		};
		39ED622C1A215B390034954A /* Supporting Files */ = {
			isa = PBXGroup;
			children = (
				39ED622D1A215B390034954A /* Info.plist */,
			);
			name = "Supporting Files";
			sourceTree = "<group>";
		};
		39ED62F81A2633CC0034954A /* baby404page */ = {
			isa = PBXGroup;
			children = (
				39ED63241A2634510034954A /* Baby404Page.h */,
				39ED63251A2634510034954A /* Baby404Page.m */,
				39ED632A1A27402F0034954A /* Baby404ViewController.h */,
				39ED632B1A27402F0034954A /* Baby404ViewController.m */,
				39ED632C1A27402F0034954A /* Baby404ViewController.xib */,
				39ED62FF1A2633CC0034954A /* images */,
			);
			path = baby404page;
			sourceTree = "<group>";
		};
		39ED62FF1A2633CC0034954A /* images */ = {
			isa = PBXGroup;
			children = (
				B28EB81E1A2C546100A7BB18 /* bg.png */,
				39ED63021A2633CC0034954A /* close.png */,
				39ED63031A2633CC0034954A /* close@2x.png */,
				39ED63041A2633CC0034954A /* landscape.png */,
				39ED63051A2633CC0034954A /* landscape@2x.png */,
				39ED63061A2633CC0034954A /* placeholder.png */,
				39ED63071A2633CC0034954A /* portrait.png */,
				39ED63081A2633CC0034954A /* portrait@2x.png */,
				39ED63091A2633CC0034954A /* share_gray.png */,
				39ED630A1A2633CC0034954A /* share_gray@2x.png */,
				39ED630B1A2633CC0034954A /* share_white.png */,
				39ED630C1A2633CC0034954A /* share_white@2x.png */,
				39ED630D1A2633CC0034954A /* support.png */,
				39ED630E1A2633CC0034954A /* support@2x.png */,
			);
			path = images;
			sourceTree = "<group>";
		};
/* End PBXGroup section */

/* Begin PBXNativeTarget section */
		39ED620E1A215B390034954A /* demo404 */ = {
			isa = PBXNativeTarget;
			buildConfigurationList = 39ED62321A215B390034954A /* Build configuration list for PBXNativeTarget "demo404" */;
			buildPhases = (
				39ED620B1A215B390034954A /* Sources */,
				39ED620C1A215B390034954A /* Frameworks */,
				39ED620D1A215B390034954A /* Resources */,
			);
			buildRules = (
			);
			dependencies = (
			);
			name = demo404;
			productName = demo404;
			productReference = 39ED620F1A215B390034954A /* demo404.app */;
			productType = "com.apple.product-type.application";
		};
		39ED62271A215B390034954A /* demo404Tests */ = {
			isa = PBXNativeTarget;
			buildConfigurationList = 39ED62351A215B390034954A /* Build configuration list for PBXNativeTarget "demo404Tests" */;
			buildPhases = (
				39ED62241A215B390034954A /* Sources */,
				39ED62251A215B390034954A /* Frameworks */,
				39ED62261A215B390034954A /* Resources */,
			);
			buildRules = (
			);
			dependencies = (
				39ED622A1A215B390034954A /* PBXTargetDependency */,
			);
			name = demo404Tests;
			productName = demo404Tests;
			productReference = 39ED62281A215B390034954A /* demo404Tests.xctest */;
			productType = "com.apple.product-type.bundle.unit-test";
		};
/* End PBXNativeTarget section */

/* Begin PBXProject section */
		39ED62071A215B380034954A /* Project object */ = {
			isa = PBXProject;
			attributes = {
				LastUpgradeCheck = 0610;
				ORGANIZATIONNAME = Tencent;
				TargetAttributes = {
					39ED620E1A215B390034954A = {
						CreatedOnToolsVersion = 6.1;
					};
					39ED62271A215B390034954A = {
						CreatedOnToolsVersion = 6.1;
						TestTargetID = 39ED620E1A215B390034954A;
					};
				};
			};
			buildConfigurationList = 39ED620A1A215B380034954A /* Build configuration list for PBXProject "demo404" */;
			compatibilityVersion = "Xcode 3.2";
			developmentRegion = English;
			hasScannedForEncodings = 0;
			knownRegions = (
				en,
				Base,
			);
			mainGroup = 39ED62061A215B380034954A;
			productRefGroup = 39ED62101A215B390034954A /* Products */;
			projectDirPath = "";
			projectRoot = "";
			targets = (
				39ED620E1A215B390034954A /* demo404 */,
				39ED62271A215B390034954A /* demo404Tests */,
			);
		};
/* End PBXProject section */

/* Begin PBXResourcesBuildPhase section */
		39ED620D1A215B390034954A /* Resources */ = {
			isa = PBXResourcesBuildPhase;
			buildActionMask = 2147483647;
			files = (
				39ED63151A2633CC0034954A /* close.png in Resources */,
				39ED632E1A27402F0034954A /* Baby404ViewController.xib in Resources */,
				B28EB81F1A2C546100A7BB18 /* bg.png in Resources */,
				39ED63191A2633CC0034954A /* placeholder.png in Resources */,
				39ED621E1A215B390034954A /* Main.storyboard in Resources */,
				39ED63181A2633CC0034954A /* landscape@2x.png in Resources */,
				39ED631F1A2633CC0034954A /* share_white@2x.png in Resources */,
				39ED631C1A2633CC0034954A /* share_gray.png in Resources */,
				39ED631E1A2633CC0034954A /* share_white.png in Resources */,
				39ED63171A2633CC0034954A /* landscape.png in Resources */,
				39ED63201A2633CC0034954A /* support.png in Resources */,
				39ED631A1A2633CC0034954A /* portrait.png in Resources */,
				39ED63161A2633CC0034954A /* close@2x.png in Resources */,
				39ED631D1A2633CC0034954A /* share_gray@2x.png in Resources */,
				39ED62231A215B390034954A /* LaunchScreen.xib in Resources */,
				39ED63211A2633CC0034954A /* support@2x.png in Resources */,
				39ED631B1A2633CC0034954A /* portrait@2x.png in Resources */,
				39ED62201A215B390034954A /* Images.xcassets in Resources */,
			);
			runOnlyForDeploymentPostprocessing = 0;
		};
		39ED62261A215B390034954A /* Resources */ = {
			isa = PBXResourcesBuildPhase;
			buildActionMask = 2147483647;
			files = (
			);
			runOnlyForDeploymentPostprocessing = 0;
		};
/* End PBXResourcesBuildPhase section */

/* Begin PBXSourcesBuildPhase section */
		39ED620B1A215B390034954A /* Sources */ = {
			isa = PBXSourcesBuildPhase;
			buildActionMask = 2147483647;
			files = (
				39ED63261A2634510034954A /* Baby404Page.m in Sources */,
				39ED621B1A215B390034954A /* ViewController.m in Sources */,
				39ED62181A215B390034954A /* AppDelegate.m in Sources */,
				39ED62151A215B390034954A /* main.m in Sources */,
				39ED632D1A27402F0034954A /* Baby404ViewController.m in Sources */,
			);
			runOnlyForDeploymentPostprocessing = 0;
		};
		39ED62241A215B390034954A /* Sources */ = {
			isa = PBXSourcesBuildPhase;
			buildActionMask = 2147483647;
			files = (
				39ED622F1A215B390034954A /* demo404Tests.m in Sources */,
			);
			runOnlyForDeploymentPostprocessing = 0;
		};
/* End PBXSourcesBuildPhase section */

/* Begin PBXTargetDependency section */
		39ED622A1A215B390034954A /* PBXTargetDependency */ = {
			isa = PBXTargetDependency;
			target = 39ED620E1A215B390034954A /* demo404 */;
			targetProxy = 39ED62291A215B390034954A /* PBXContainerItemProxy */;
		};
/* End PBXTargetDependency section */

/* Begin PBXVariantGroup section */
		39ED621C1A215B390034954A /* Main.storyboard */ = {
			isa = PBXVariantGroup;
			children = (
				39ED621D1A215B390034954A /* Base */,
			);
			name = Main.storyboard;
			sourceTree = "<group>";
		};
		39ED62211A215B390034954A /* LaunchScreen.xib */ = {
			isa = PBXVariantGroup;
			children = (
				39ED62221A215B390034954A /* Base */,
			);
			name = LaunchScreen.xib;
			sourceTree = "<group>";
		};
/* End PBXVariantGroup section */

/* Begin XCBuildConfiguration section */
		39ED62301A215B390034954A /* Debug */ = {
			isa = XCBuildConfiguration;
			buildSettings = {
				ALWAYS_SEARCH_USER_PATHS = NO;
				CLANG_CXX_LANGUAGE_STANDARD = "gnu++0x";
				CLANG_CXX_LIBRARY = "libc++";
				CLANG_ENABLE_MODULES = YES;
				CLANG_ENABLE_OBJC_ARC = YES;
				CLANG_WARN_BOOL_CONVERSION = YES;
				CLANG_WARN_CONSTANT_CONVERSION = YES;
				CLANG_WARN_DIRECT_OBJC_ISA_USAGE = YES_ERROR;
				CLANG_WARN_EMPTY_BODY = YES;
				CLANG_WARN_ENUM_CONVERSION = YES;
				CLANG_WARN_INT_CONVERSION = YES;
				CLANG_WARN_OBJC_ROOT_CLASS = YES_ERROR;
				CLANG_WARN_UNREACHABLE_CODE = YES;
				CLANG_WARN__DUPLICATE_METHOD_MATCH = YES;
				"CODE_SIGN_IDENTITY[sdk=iphoneos*]" = "iPhone Developer";
				COPY_PHASE_STRIP = NO;
				ENABLE_STRICT_OBJC_MSGSEND = YES;
				GCC_C_LANGUAGE_STANDARD = gnu99;
				GCC_DYNAMIC_NO_PIC = NO;
				GCC_OPTIMIZATION_LEVEL = 0;
				GCC_PREPROCESSOR_DEFINITIONS = (
					"DEBUG=1",
					"$(inherited)",
				);
				GCC_SYMBOLS_PRIVATE_EXTERN = NO;
				GCC_WARN_64_TO_32_BIT_CONVERSION = YES;
				GCC_WARN_ABOUT_RETURN_TYPE = YES_ERROR;
				GCC_WARN_UNDECLARED_SELECTOR = YES;
				GCC_WARN_UNINITIALIZED_AUTOS = YES_AGGRESSIVE;
				GCC_WARN_UNUSED_FUNCTION = YES;
				GCC_WARN_UNUSED_VARIABLE = YES;
				IPHONEOS_DEPLOYMENT_TARGET = 8.1;
				MTL_ENABLE_DEBUG_INFO = YES;
				ONLY_ACTIVE_ARCH = YES;
				SDKROOT = iphoneos;
				TARGETED_DEVICE_FAMILY = "1,2";
			};
			name = Debug;
		};
		39ED62311A215B390034954A /* Release */ = {
			isa = XCBuildConfiguration;
			buildSettings = {
				ALWAYS_SEARCH_USER_PATHS = NO;
				CLANG_CXX_LANGUAGE_STANDARD = "gnu++0x";
				CLANG_CXX_LIBRARY = "libc++";
				CLANG_ENABLE_MODULES = YES;
				CLANG_ENABLE_OBJC_ARC = YES;
				CLANG_WARN_BOOL_CONVERSION = YES;
				CLANG_WARN_CONSTANT_CONVERSION = YES;
				CLANG_WARN_DIRECT_OBJC_ISA_USAGE = YES_ERROR;
				CLANG_WARN_EMPTY_BODY = YES;
				CLANG_WARN_ENUM_CONVERSION = YES;
				CLANG_WARN_INT_CONVERSION = YES;
				CLANG_WARN_OBJC_ROOT_CLASS = YES_ERROR;
				CLANG_WARN_UNREACHABLE_CODE = YES;
				CLANG_WARN__DUPLICATE_METHOD_MATCH = YES;
				"CODE_SIGN_IDENTITY[sdk=iphoneos*]" = "iPhone Developer";
				COPY_PHASE_STRIP = YES;
				ENABLE_NS_ASSERTIONS = NO;
				ENABLE_STRICT_OBJC_MSGSEND = YES;
				GCC_C_LANGUAGE_STANDARD = gnu99;
				GCC_WARN_64_TO_32_BIT_CONVERSION = YES;
				GCC_WARN_ABOUT_RETURN_TYPE = YES_ERROR;
				GCC_WARN_UNDECLARED_SELECTOR = YES;
				GCC_WARN_UNINITIALIZED_AUTOS = YES_AGGRESSIVE;
				GCC_WARN_UNUSED_FUNCTION = YES;
				GCC_WARN_UNUSED_VARIABLE = YES;
				IPHONEOS_DEPLOYMENT_TARGET = 8.1;
				MTL_ENABLE_DEBUG_INFO = NO;
				SDKROOT = iphoneos;
				TARGETED_DEVICE_FAMILY = "1,2";
				VALIDATE_PRODUCT = YES;
			};
			name = Release;
		};
		39ED62331A215B390034954A /* Debug */ = {
			isa = XCBuildConfiguration;
			buildSettings = {
				ASSETCATALOG_COMPILER_APPICON_NAME = AppIcon;
				FRAMEWORK_SEARCH_PATHS = (
					"$(inherited)",
					"$(PROJECT_DIR)",
				);
				INFOPLIST_FILE = demo404/Info.plist;
				LD_RUNPATH_SEARCH_PATHS = "$(inherited) @executable_path/Frameworks";
				OTHER_LDFLAGS = "";
				PRODUCT_NAME = "$(TARGET_NAME)";
				TARGETED_DEVICE_FAMILY = 1;
			};
			name = Debug;
		};
		39ED62341A215B390034954A /* Release */ = {
			isa = XCBuildConfiguration;
			buildSettings = {
				ASSETCATALOG_COMPILER_APPICON_NAME = AppIcon;
				FRAMEWORK_SEARCH_PATHS = (
					"$(inherited)",
					"$(PROJECT_DIR)",
				);
				INFOPLIST_FILE = demo404/Info.plist;
				LD_RUNPATH_SEARCH_PATHS = "$(inherited) @executable_path/Frameworks";
				OTHER_LDFLAGS = "";
				PRODUCT_NAME = "$(TARGET_NAME)";
				TARGETED_DEVICE_FAMILY = 1;
			};
			name = Release;
		};
		39ED62361A215B390034954A /* Debug */ = {
			isa = XCBuildConfiguration;
			buildSettings = {
				BUNDLE_LOADER = "$(TEST_HOST)";
				FRAMEWORK_SEARCH_PATHS = (
					"$(SDKROOT)/Developer/Library/Frameworks",
					"$(inherited)",
				);
				GCC_PREPROCESSOR_DEFINITIONS = (
					"DEBUG=1",
					"$(inherited)",
				);
				INFOPLIST_FILE = demo404Tests/Info.plist;
				LD_RUNPATH_SEARCH_PATHS = "$(inherited) @executable_path/Frameworks @loader_path/Frameworks";
				PRODUCT_NAME = "$(TARGET_NAME)";
				TEST_HOST = "$(BUILT_PRODUCTS_DIR)/demo404.app/demo404";
			};
			name = Debug;
		};
		39ED62371A215B390034954A /* Release */ = {
			isa = XCBuildConfiguration;
			buildSettings = {
				BUNDLE_LOADER = "$(TEST_HOST)";
				FRAMEWORK_SEARCH_PATHS = (
					"$(SDKROOT)/Developer/Library/Frameworks",
					"$(inherited)",
				);
				INFOPLIST_FILE = demo404Tests/Info.plist;
				LD_RUNPATH_SEARCH_PATHS = "$(inherited) @executable_path/Frameworks @loader_path/Frameworks";
				PRODUCT_NAME = "$(TARGET_NAME)";
				TEST_HOST = "$(BUILT_PRODUCTS_DIR)/demo404.app/demo404";
			};
			name = Release;
		};
/* End XCBuildConfiguration section */

/* Begin XCConfigurationList section */
		39ED620A1A215B380034954A /* Build configuration list for PBXProject "demo404" */ = {
			isa = XCConfigurationList;
			buildConfigurations = (
				39ED62301A215B390034954A /* Debug */,
				39ED62311A215B390034954A /* Release */,
			);
			defaultConfigurationIsVisible = 0;
			defaultConfigurationName = Release;
		};
		39ED62321A215B390034954A /* Build configuration list for PBXNativeTarget "demo404" */ = {
			isa = XCConfigurationList;
			buildConfigurations = (
				39ED62331A215B390034954A /* Debug */,
				39ED62341A215B390034954A /* Release */,
			);
			defaultConfigurationIsVisible = 0;
			defaultConfigurationName = Release;
		};
		39ED62351A215B390034954A /* Build configuration list for PBXNativeTarget "demo404Tests" */ = {
			isa = XCConfigurationList;
			buildConfigurations = (
				39ED62361A215B390034954A /* Debug */,
				39ED62371A215B390034954A /* Release */,
			);
			defaultConfigurationIsVisible = 0;
			defaultConfigurationName = Release;
		};
/* End XCConfigurationList section */
	};
	rootObject = 39ED62071A215B380034954A /* Project object */;
}
